// !$*UTF8*$!
{
	archiveVersion = 1;
	classes = {
	};
	objectVersion = 46;
	objects = {

/* Begin PBXBuildFile section */
		A9F2CB8915E7A2B70081A940 /* UIKit.framework in Frameworks */ = {isa = PBXBuildFile; fileRef = A9F2CB8815E7A2B70081A940 /* UIKit.framework */; };
		A9F2CB8B15E7A2B70081A940 /* Foundation.framework in Frameworks */ = {isa = PBXBuildFile; fileRef = A9F2CB8A15E7A2B70081A940 /* Foundation.framework */; };
		A9F2CB8D15E7A2B70081A940 /* CoreGraphics.framework in Frameworks */ = {isa = PBXBuildFile; fileRef = A9F2CB8C15E7A2B70081A940 /* CoreGraphics.framework */; };
		A9F2CB9315E7A2B70081A940 /* InfoPlist.strings in Resources */ = {isa = PBXBuildFile; fileRef = A9F2CB9115E7A2B70081A940 /* InfoPlist.strings */; };
		A9F2CB9515E7A2B70081A940 /* main.m in Sources */ = {isa = PBXBuildFile; fileRef = A9F2CB9415E7A2B70081A940 /* main.m */; };
		A9F2CB9915E7A2B70081A940 /* AppDelegate.m in Sources */ = {isa = PBXBuildFile; fileRef = A9F2CB9815E7A2B70081A940 /* AppDelegate.m */; };
		A9F2CB9C15E7A2B70081A940 /* MainStoryboard.storyboard in Resources */ = {isa = PBXBuildFile; fileRef = A9F2CB9A15E7A2B70081A940 /* MainStoryboard.storyboard */; };
		A9F2CB9F15E7A2B70081A940 /* ViewController.m in Sources */ = {isa = PBXBuildFile; fileRef = A9F2CB9E15E7A2B70081A940 /* ViewController.m */; };
		A9F2CBA715E7A2B70081A940 /* SenTestingKit.framework in Frameworks */ = {isa = PBXBuildFile; fileRef = A9F2CBA615E7A2B70081A940 /* SenTestingKit.framework */; };
		A9F2CBA815E7A2B70081A940 /* UIKit.framework in Frameworks */ = {isa = PBXBuildFile; fileRef = A9F2CB8815E7A2B70081A940 /* UIKit.framework */; };
		A9F2CBA915E7A2B70081A940 /* Foundation.framework in Frameworks */ = {isa = PBXBuildFile; fileRef = A9F2CB8A15E7A2B70081A940 /* Foundation.framework */; };
		A9F2CBB115E7A2B70081A940 /* InfoPlist.strings in Resources */ = {isa = PBXBuildFile; fileRef = A9F2CBAF15E7A2B70081A940 /* InfoPlist.strings */; };
		A9F2CBB415E7A2B70081A940 /* GiroscopioExampleTests.m in Sources */ = {isa = PBXBuildFile; fileRef = A9F2CBB315E7A2B70081A940 /* GiroscopioExampleTests.m */; };
/* End PBXBuildFile section */

/* Begin PBXContainerItemProxy section */
		A9F2CBAA15E7A2B70081A940 /* PBXContainerItemProxy */ = {
			isa = PBXContainerItemProxy;
			containerPortal = A9F2CB7B15E7A2B70081A940 /* Project object */;
			proxyType = 1;
			remoteGlobalIDString = A9F2CB8315E7A2B70081A940;
			remoteInfo = GiroscopioExample;
		};
/* End PBXContainerItemProxy section */

/* Begin PBXFileReference section */
		A9F2CB8415E7A2B70081A940 /* GiroscopioExample.app */ = {isa = PBXFileReference; explicitFileType = wrapper.application; includeInIndex = 0; path = GiroscopioExample.app; sourceTree = BUILT_PRODUCTS_DIR; };
		A9F2CB8815E7A2B70081A940 /* UIKit.framework */ = {isa = PBXFileReference; lastKnownFileType = wrapper.framework; name = UIKit.framework; path = System/Library/Frameworks/UIKit.framework; sourceTree = SDKROOT; };
		A9F2CB8A15E7A2B70081A940 /* Foundation.framework */ = {isa = PBXFileReference; lastKnownFileType = wrapper.framework; name = Foundation.framework; path = System/Library/Frameworks/Foundation.framework; sourceTree = SDKROOT; };
		A9F2CB8C15E7A2B70081A940 /* CoreGraphics.framework */ = {isa = PBXFileReference; lastKnownFileType = wrapper.framework; name = CoreGraphics.framework; path = System/Library/Frameworks/CoreGraphics.framework; sourceTree = SDKROOT; };
		A9F2CB9015E7A2B70081A940 /* GiroscopioExample-Info.plist */ = {isa = PBXFileReference; lastKnownFileType = text.plist.xml; path = "GiroscopioExample-Info.plist"; sourceTree = "<group>"; };
		A9F2CB9215E7A2B70081A940 /* en */ = {isa = PBXFileReference; lastKnownFileType = text.plist.strings; name = en; path = en.lproj/InfoPlist.strings; sourceTree = "<group>"; };
		A9F2CB9415E7A2B70081A940 /* main.m */ = {isa = PBXFileReference; lastKnownFileType = sourcecode.c.objc; path = main.m; sourceTree = "<group>"; };
		A9F2CB9615E7A2B70081A940 /* GiroscopioExample-Prefix.pch */ = {isa = PBXFileReference; lastKnownFileType = sourcecode.c.h; path = "GiroscopioExample-Prefix.pch"; sourceTree = "<group>"; };
		A9F2CB9715E7A2B70081A940 /* AppDelegate.h */ = {isa = PBXFileReference; lastKnownFileType = sourcecode.c.h; path = AppDelegate.h; sourceTree = "<group>"; };
		A9F2CB9815E7A2B70081A940 /* AppDelegate.m */ = {isa = PBXFileReference; lastKnownFileType = sourcecode.c.objc; path = AppDelegate.m; sourceTree = "<group>"; };
		A9F2CB9B15E7A2B70081A940 /* en */ = {isa = PBXFileReference; lastKnownFileType = file.storyboard; name = en; path = en.lproj/MainStoryboard.storyboard; sourceTree = "<group>"; };
		A9F2CB9D15E7A2B70081A940 /* ViewController.h */ = {isa = PBXFileReference; lastKnownFileType = sourcecode.c.h; path = ViewController.h; sourceTree = "<group>"; };
		A9F2CB9E15E7A2B70081A940 /* ViewController.m */ = {isa = PBXFileReference; lastKnownFileType = sourcecode.c.objc; path = ViewController.m; sourceTree = "<group>"; };
		A9F2CBA515E7A2B70081A940 /* GiroscopioExampleTests.octest */ = {isa = PBXFileReference; explicitFileType = wrapper.cfbundle; includeInIndex = 0; path = GiroscopioExampleTests.octest; sourceTree = BUILT_PRODUCTS_DIR; };
		A9F2CBA615E7A2B70081A940 /* SenTestingKit.framework */ = {isa = PBXFileReference; lastKnownFileType = wrapper.framework; name = SenTestingKit.framework; path = Library/Frameworks/SenTestingKit.framework; sourceTree = DEVELOPER_DIR; };
		A9F2CBAE15E7A2B70081A940 /* GiroscopioExampleTests-Info.plist */ = {isa = PBXFileReference; lastKnownFileType = text.plist.xml; path = "GiroscopioExampleTests-Info.plist"; sourceTree = "<group>"; };
		A9F2CBB015E7A2B70081A940 /* en */ = {isa = PBXFileReference; lastKnownFileType = text.plist.strings; name = en; path = en.lproj/InfoPlist.strings; sourceTree = "<group>"; };
		A9F2CBB215E7A2B70081A940 /* GiroscopioExampleTests.h */ = {isa = PBXFileReference; lastKnownFileType = sourcecode.c.h; path = GiroscopioExampleTests.h; sourceTree = "<group>"; };
		A9F2CBB315E7A2B70081A940 /* GiroscopioExampleTests.m */ = {isa = PBXFileReference; lastKnownFileType = sourcecode.c.objc; path = GiroscopioExampleTests.m; sourceTree = "<group>"; };
/* End PBXFileReference section */

/* Begin PBXFrameworksBuildPhase section */
		A9F2CB8115E7A2B70081A940 /* Frameworks */ = {
			isa = PBXFrameworksBuildPhase;
			buildActionMask = 2147483647;
			files = (
				A9F2CB8915E7A2B70081A940 /* UIKit.framework in Frameworks */,
				A9F2CB8B15E7A2B70081A940 /* Foundation.framework in Frameworks */,
				A9F2CB8D15E7A2B70081A940 /* CoreGraphics.framework in Frameworks */,
			);
			runOnlyForDeploymentPostprocessing = 0;
		};
		A9F2CBA115E7A2B70081A940 /* Frameworks */ = {
			isa = PBXFrameworksBuildPhase;
			buildActionMask = 2147483647;
			files = (
				A9F2CBA715E7A2B70081A940 /* SenTestingKit.framework in Frameworks */,
				A9F2CBA815E7A2B70081A940 /* UIKit.framework in Frameworks */,
				A9F2CBA915E7A2B70081A940 /* Foundation.framework in Frameworks */,
			);
			runOnlyForDeploymentPostprocessing = 0;
		};
/* End PBXFrameworksBuildPhase section */

/* Begin PBXGroup section */
		A9F2CB7915E7A2B70081A940 = {
			isa = PBXGroup;
			children = (
				A9F2CB8E15E7A2B70081A940 /* GiroscopioExample */,
				A9F2CBAC15E7A2B70081A940 /* GiroscopioExampleTests */,
				A9F2CB8715E7A2B70081A940 /* Frameworks */,
				A9F2CB8515E7A2B70081A940 /* Products */,
			);
			sourceTree = "<group>";
		};
		A9F2CB8515E7A2B70081A940 /* Products */ = {
			isa = PBXGroup;
			children = (
				A9F2CB8415E7A2B70081A940 /* GiroscopioExample.app */,
				A9F2CBA515E7A2B70081A940 /* GiroscopioExampleTests.octest */,
			);
			name = Products;
			sourceTree = "<group>";
		};
		A9F2CB8715E7A2B70081A940 /* Frameworks */ = {
			isa = PBXGroup;
			children = (
				A9F2CB8815E7A2B70081A940 /* UIKit.framework */,
				A9F2CB8A15E7A2B70081A940 /* Foundation.framework */,
				A9F2CB8C15E7A2B70081A940 /* CoreGraphics.framework */,
				A9F2CBA615E7A2B70081A940 /* SenTestingKit.framework */,
			);
			name = Frameworks;
			sourceTree = "<group>";
		};
		A9F2CB8E15E7A2B70081A940 /* GiroscopioExample */ = {
			isa = PBXGroup;
			children = (
				A9F2CB9715E7A2B70081A940 /* AppDelegate.h */,
				A9F2CB9815E7A2B70081A940 /* AppDelegate.m */,
				A9F2CB9A15E7A2B70081A940 /* MainStoryboard.storyboard */,
				A9F2CB9D15E7A2B70081A940 /* ViewController.h */,
				A9F2CB9E15E7A2B70081A940 /* ViewController.m */,
				A9F2CB8F15E7A2B70081A940 /* Supporting Files */,
			);
			path = GiroscopioExample;
			sourceTree = "<group>";
		};
		A9F2CB8F15E7A2B70081A940 /* Supporting Files */ = {
			isa = PBXGroup;
			children = (
				A9F2CB9015E7A2B70081A940 /* GiroscopioExample-Info.plist */,
				A9F2CB9115E7A2B70081A940 /* InfoPlist.strings */,
				A9F2CB9415E7A2B70081A940 /* main.m */,
				A9F2CB9615E7A2B70081A940 /* GiroscopioExample-Prefix.pch */,
			);
			name = "Supporting Files";
			sourceTree = "<group>";
		};
		A9F2CBAC15E7A2B70081A940 /* GiroscopioExampleTests */ = {
			isa = PBXGroup;
			children = (
				A9F2CBB215E7A2B70081A940 /* GiroscopioExampleTests.h */,
				A9F2CBB315E7A2B70081A940 /* GiroscopioExampleTests.m */,
				A9F2CBAD15E7A2B70081A940 /* Supporting Files */,
			);
			path = GiroscopioExampleTests;
			sourceTree = "<group>";
		};
		A9F2CBAD15E7A2B70081A940 /* Supporting Files */ = {
			isa = PBXGroup;
			children = (
				A9F2CBAE15E7A2B70081A940 /* GiroscopioExampleTests-Info.plist */,
				A9F2CBAF15E7A2B70081A940 /* InfoPlist.strings */,
			);
			name = "Supporting Files";
			sourceTree = "<group>";
		};
/* End PBXGroup section */

/* Begin PBXNativeTarget section */
		A9F2CB8315E7A2B70081A940 /* GiroscopioExample */ = {
			isa = PBXNativeTarget;
			buildConfigurationList = A9F2CBB715E7A2B70081A940 /* Build configuration list for PBXNativeTarget "GiroscopioExample" */;
			buildPhases = (
				A9F2CB8015E7A2B70081A940 /* Sources */,
				A9F2CB8115E7A2B70081A940 /* Frameworks */,
				A9F2CB8215E7A2B70081A940 /* Resources */,
			);
			buildRules = (
			);
			dependencies = (
			);
			name = GiroscopioExample;
			productName = GiroscopioExample;
			productReference = A9F2CB8415E7A2B70081A940 /* GiroscopioExample.app */;
			productType = "com.apple.product-type.application";
		};
		A9F2CBA415E7A2B70081A940 /* GiroscopioExampleTests */ = {
			isa = PBXNativeTarget;
			buildConfigurationList = A9F2CBBA15E7A2B70081A940 /* Build configuration list for PBXNativeTarget "GiroscopioExampleTests" */;
			buildPhases = (
				A9F2CBA015E7A2B70081A940 /* Sources */,
				A9F2CBA115E7A2B70081A940 /* Frameworks */,
				A9F2CBA215E7A2B70081A940 /* Resources */,
				A9F2CBA315E7A2B70081A940 /* ShellScript */,
			);
			buildRules = (
			);
			dependencies = (
				A9F2CBAB15E7A2B70081A940 /* PBXTargetDependency */,
			);
			name = GiroscopioExampleTests;
			productName = GiroscopioExampleTests;
			productReference = A9F2CBA515E7A2B70081A940 /* GiroscopioExampleTests.octest */;
			productType = "com.apple.product-type.bundle";
		};
/* End PBXNativeTarget section */

/* Begin PBXProject section */
		A9F2CB7B15E7A2B70081A940 /* Project object */ = {
			isa = PBXProject;
			attributes = {
				LastUpgradeCheck = 0440;
				ORGANIZATIONNAME = ajdc;
			};
			buildConfigurationList = A9F2CB7E15E7A2B70081A940 /* Build configuration list for PBXProject "GiroscopioExample" */;
			compatibilityVersion = "Xcode 3.2";
			developmentRegion = English;
			hasScannedForEncodings = 0;
			knownRegions = (
				en,
			);
			mainGroup = A9F2CB7915E7A2B70081A940;
			productRefGroup = A9F2CB8515E7A2B70081A940 /* Products */;
			projectDirPath = "";
			projectRoot = "";
			targets = (
				A9F2CB8315E7A2B70081A940 /* GiroscopioExample */,
				A9F2CBA415E7A2B70081A940 /* GiroscopioExampleTests */,
			);
		};
/* End PBXProject section */

/* Begin PBXResourcesBuildPhase section */
		A9F2CB8215E7A2B70081A940 /* Resources */ = {
			isa = PBXResourcesBuildPhase;
			buildActionMask = 2147483647;
			files = (
				A9F2CB9315E7A2B70081A940 /* InfoPlist.strings in Resources */,
				A9F2CB9C15E7A2B70081A940 /* MainStoryboard.storyboard in Resources */,
			);
			runOnlyForDeploymentPostprocessing = 0;
		};
		A9F2CBA215E7A2B70081A940 /* Resources */ = {
			isa = PBXResourcesBuildPhase;
			buildActionMask = 2147483647;
			files = (
				A9F2CBB115E7A2B70081A940 /* InfoPlist.strings in Resources */,
			);
			runOnlyForDeploymentPostprocessing = 0;
		};
/* End PBXResourcesBuildPhase section */

/* Begin PBXShellScriptBuildPhase section */
		A9F2CBA315E7A2B70081A940 /* ShellScript */ = {
			isa = PBXShellScriptBuildPhase;
			buildActionMask = 2147483647;
			files = (
			);
			inputPaths = (
			);
			outputPaths = (
			);
			runOnlyForDeploymentPostprocessing = 0;
			shellPath = /bin/sh;
			shellScript = "# Run the unit tests in this test bundle.\n\"${SYSTEM_DEVELOPER_DIR}/Tools/RunUnitTests\"\n";
		};
/* End PBXShellScriptBuildPhase section */

/* Begin PBXSourcesBuildPhase section */
		A9F2CB8015E7A2B70081A940 /* Sources */ = {
			isa = PBXSourcesBuildPhase;
			buildActionMask = 2147483647;
			files = (
				A9F2CB9515E7A2B70081A940 /* main.m in Sources */,
				A9F2CB9915E7A2B70081A940 /* AppDelegate.m in Sources */,
				A9F2CB9F15E7A2B70081A940 /* ViewController.m in Sources */,
			);
			runOnlyForDeploymentPostprocessing = 0;
		};
		A9F2CBA015E7A2B70081A940 /* Sources */ = {
			isa = PBXSourcesBuildPhase;
			buildActionMask = 2147483647;
			files = (
				A9F2CBB415E7A2B70081A940 /* GiroscopioExampleTests.m in Sources */,
			);
			runOnlyForDeploymentPostprocessing = 0;
		};
/* End PBXSourcesBuildPhase section */

/* Begin PBXTargetDependency section */
		A9F2CBAB15E7A2B70081A940 /* PBXTargetDependency */ = {
			isa = PBXTargetDependency;
			target = A9F2CB8315E7A2B70081A940 /* GiroscopioExample */;
			targetProxy = A9F2CBAA15E7A2B70081A940 /* PBXContainerItemProxy */;
		};
/* End PBXTargetDependency section */

/* Begin PBXVariantGroup section */
		A9F2CB9115E7A2B70081A940 /* InfoPlist.strings */ = {
			isa = PBXVariantGroup;
			children = (
				A9F2CB9215E7A2B70081A940 /* en */,
			);
			name = InfoPlist.strings;
			sourceTree = "<group>";
		};
		A9F2CB9A15E7A2B70081A940 /* MainStoryboard.storyboard */ = {
			isa = PBXVariantGroup;
			children = (
				A9F2CB9B15E7A2B70081A940 /* en */,
			);
			name = MainStoryboard.storyboard;
			sourceTree = "<group>";
		};
		A9F2CBAF15E7A2B70081A940 /* InfoPlist.strings */ = {
			isa = PBXVariantGroup;
			children = (
				A9F2CBB015E7A2B70081A940 /* en */,
			);
			name = InfoPlist.strings;
			sourceTree = "<group>";
		};
/* End PBXVariantGroup section */

/* Begin XCBuildConfiguration section */
		A9F2CBB515E7A2B70081A940 /* Debug */ = {
			isa = XCBuildConfiguration;
			buildSettings = {
				ALWAYS_SEARCH_USER_PATHS = NO;
				ARCHS = "$(ARCHS_STANDARD_32_BIT)";
				CLANG_CXX_LANGUAGE_STANDARD = "gnu++0x";
				CLANG_ENABLE_OBJC_ARC = YES;
				CLANG_WARN__DUPLICATE_METHOD_MATCH = YES;
				"CODE_SIGN_IDENTITY[sdk=iphoneos*]" = "iPhone Developer";
				COPY_PHASE_STRIP = NO;
				GCC_C_LANGUAGE_STANDARD = gnu99;
				GCC_DYNAMIC_NO_PIC = NO;
				GCC_OPTIMIZATION_LEVEL = 0;
				GCC_PREPROCESSOR_DEFINITIONS = (
					"DEBUG=1",
					"$(inherited)",
				);
				GCC_SYMBOLS_PRIVATE_EXTERN = NO;
				GCC_VERSION = com.apple.compilers.llvm.clang.1_0;
				GCC_WARN_ABOUT_RETURN_TYPE = YES;
				GCC_WARN_UNINITIALIZED_AUTOS = YES;
				GCC_WARN_UNUSED_VARIABLE = YES;
				IPHONEOS_DEPLOYMENT_TARGET = 5.1;
				SDKROOT = iphoneos;
			};
			name = Debug;
		};
		A9F2CBB615E7A2B70081A940 /* Release */ = {
			isa = XCBuildConfiguration;
			buildSettings = {
				ALWAYS_SEARCH_USER_PATHS = NO;
				ARCHS = "$(ARCHS_STANDARD_32_BIT)";
				CLANG_CXX_LANGUAGE_STANDARD = "gnu++0x";
				CLANG_ENABLE_OBJC_ARC = YES;
				CLANG_WARN__DUPLICATE_METHOD_MATCH = YES;
				"CODE_SIGN_IDENTITY[sdk=iphoneos*]" = "iPhone Developer";
				COPY_PHASE_STRIP = YES;
				GCC_C_LANGUAGE_STANDARD = gnu99;
				GCC_VERSION = com.apple.compilers.llvm.clang.1_0;
				GCC_WARN_ABOUT_RETURN_TYPE = YES;
				GCC_WARN_UNINITIALIZED_AUTOS = YES;
				GCC_WARN_UNUSED_VARIABLE = YES;
				IPHONEOS_DEPLOYMENT_TARGET = 5.1;
				OTHER_CFLAGS = "-DNS_BLOCK_ASSERTIONS=1";
				SDKROOT = iphoneos;
				VALIDATE_PRODUCT = YES;
			};
			name = Release;
		};
		A9F2CBB815E7A2B70081A940 /* Debug */ = {
			isa = XCBuildConfiguration;
			buildSettings = {
				GCC_PRECOMPILE_PREFIX_HEADER = YES;
				GCC_PREFIX_HEADER = "GiroscopioExample/GiroscopioExample-Prefix.pch";
				INFOPLIST_FILE = "GiroscopioExample/GiroscopioExample-Info.plist";
				PRODUCT_NAME = "$(TARGET_NAME)";
				WRAPPER_EXTENSION = app;
			};
			name = Debug;
		};
		A9F2CBB915E7A2B70081A940 /* Release */ = {
			isa = XCBuildConfiguration;
			buildSettings = {
				GCC_PRECOMPILE_PREFIX_HEADER = YES;
				GCC_PREFIX_HEADER = "GiroscopioExample/GiroscopioExample-Prefix.pch";
				INFOPLIST_FILE = "GiroscopioExample/GiroscopioExample-Info.plist";
				PRODUCT_NAME = "$(TARGET_NAME)";
				WRAPPER_EXTENSION = app;
			};
			name = Release;
		};
		A9F2CBBB15E7A2B70081A940 /* Debug */ = {
			isa = XCBuildConfiguration;
			buildSettings = {
				BUNDLE_LOADER = "$(BUILT_PRODUCTS_DIR)/GiroscopioExample.app/GiroscopioExample";
				FRAMEWORK_SEARCH_PATHS = (
					"\"$(SDKROOT)/Developer/Library/Frameworks\"",
					"\"$(DEVELOPER_LIBRARY_DIR)/Frameworks\"",
				);
				GCC_PRECOMPILE_PREFIX_HEADER = YES;
				GCC_PREFIX_HEADER = "GiroscopioExample/GiroscopioExample-Prefix.pch";
				INFOPLIST_FILE = "GiroscopioExampleTests/GiroscopioExampleTests-Info.plist";
				PRODUCT_NAME = "$(TARGET_NAME)";
				TEST_HOST = "$(BUNDLE_LOADER)";
				WRAPPER_EXTENSION = octest;
			};
			name = Debug;
		};
		A9F2CBBC15E7A2B70081A940 /* Release */ = {
			isa = XCBuildConfiguration;
			buildSettings = {
				BUNDLE_LOADER = "$(BUILT_PRODUCTS_DIR)/GiroscopioExample.app/GiroscopioExample";
				FRAMEWORK_SEARCH_PATHS = (
					"\"$(SDKROOT)/Developer/Library/Frameworks\"",
					"\"$(DEVELOPER_LIBRARY_DIR)/Frameworks\"",
				);
				GCC_PRECOMPILE_PREFIX_HEADER = YES;
				GCC_PREFIX_HEADER = "GiroscopioExample/GiroscopioExample-Prefix.pch";
				INFOPLIST_FILE = "GiroscopioExampleTests/GiroscopioExampleTests-Info.plist";
				PRODUCT_NAME = "$(TARGET_NAME)";
				TEST_HOST = "$(BUNDLE_LOADER)";
				WRAPPER_EXTENSION = octest;
			};
			name = Release;
		};
/* End XCBuildConfiguration section */

/* Begin XCConfigurationList section */
		A9F2CB7E15E7A2B70081A940 /* Build configuration list for PBXProject "GiroscopioExample" */ = {
			isa = XCConfigurationList;
			buildConfigurations = (
				A9F2CBB515E7A2B70081A940 /* Debug */,
				A9F2CBB615E7A2B70081A940 /* Release */,
			);
			defaultConfigurationIsVisible = 0;
			defaultConfigurationName = Release;
		};
		A9F2CBB715E7A2B70081A940 /* Build configuration list for PBXNativeTarget "GiroscopioExample" */ = {
			isa = XCConfigurationList;
			buildConfigurations = (
				A9F2CBB815E7A2B70081A940 /* Debug */,
				A9F2CBB915E7A2B70081A940 /* Release */,
			);
			defaultConfigurationIsVisible = 0;
		};
		A9F2CBBA15E7A2B70081A940 /* Build configuration list for PBXNativeTarget "GiroscopioExampleTests" */ = {
			isa = XCConfigurationList;
			buildConfigurations = (
				A9F2CBBB15E7A2B70081A940 /* Debug */,
				A9F2CBBC15E7A2B70081A940 /* Release */,
			);
			defaultConfigurationIsVisible = 0;
		};
/* End XCConfigurationList section */
	};
	rootObject = A9F2CB7B15E7A2B70081A940 /* Project object */;
}
